
# cargo-vet imports lock

[[unpublished.chewing]]
version = "0.8.0-alpha.1"
audited_as = "0.7.0-beta.3"

[[unpublished.chewing-cli]]
version = "0.8.0-alpha.1"
audited_as = "0.7.0-beta.3"

[[publisher.anyhow]]
version = "1.0.82"
when = "2024-04-10"
user-id = 3618
user-login = "dtolnay"
user-name = "David Tolnay"

[[publisher.cc]]
version = "1.0.90"
when = "2024-03-06"
user-id = 2915
user-login = "Amanieu"
user-name = "Amanieu d'Antras"

[[publisher.chewing]]
version = "0.7.0-beta.3"
when = "2024-04-07"
user-id = 7551
user-login = "kanru"
user-name = "Kan-Ru Chen"

[[publisher.chewing-cli]]
version = "0.7.0-beta.3"
when = "2024-04-07"
user-id = 7551
user-login = "kanru"
user-name = "Kan-Ru Chen"

[[publisher.hashbrown]]
version = "0.14.3"
when = "2023-11-26"
user-id = 2915
user-login = "Amanieu"
user-name = "Amanieu d'Antras"

[[publisher.libc]]
version = "0.2.153"
when = "2024-01-31"
user-id = 51017
user-login = "JohnTitor"
user-name = "Yuki Okushi"

[[publisher.linux-raw-sys]]
version = "0.4.13"
when = "2024-01-16"
user-id = 6825
user-login = "sunfishcode"
user-name = "Dan Gohman"

[[publisher.rustix]]
version = "0.38.34"
when = "2024-04-22"
user-id = 6825
user-login = "sunfishcode"
user-name = "Dan Gohman"

[[publisher.smallvec]]
version = "1.13.2"
when = "2024-03-20"
user-id = 2017
user-login = "mbrubeck"
user-name = "Matt Brubeck"

[[publisher.syn]]
version = "2.0.60"
when = "2024-04-17"
user-id = 3618
user-login = "dtolnay"
user-name = "David Tolnay"

[[publisher.thiserror]]
version = "1.0.59"
when = "2024-04-20"
user-id = 3618
user-login = "dtolnay"
user-name = "David Tolnay"

[[publisher.thiserror-impl]]
version = "1.0.59"
when = "2024-04-20"
user-id = 3618
user-login = "dtolnay"
user-name = "David Tolnay"

[[publisher.windows-sys]]
version = "0.48.0"
when = "2023-03-31"
user-id = 64539
user-login = "kennykerr"
user-name = "Kenny Kerr"

[[publisher.windows-sys]]
version = "0.52.0"
when = "2023-11-15"
user-id = 64539
user-login = "kennykerr"
user-name = "Kenny Kerr"

[[publisher.windows-targets]]
version = "0.48.5"
when = "2023-08-18"
user-id = 64539
user-login = "kennykerr"
user-name = "Kenny Kerr"

[[publisher.windows-targets]]
version = "0.52.5"
when = "2024-04-12"
user-id = 64539
user-login = "kennykerr"
user-name = "Kenny Kerr"

[[publisher.windows_aarch64_gnullvm]]
version = "0.48.5"
when = "2023-08-18"
user-id = 64539
user-login = "kennykerr"
user-name = "Kenny Kerr"

[[publisher.windows_aarch64_gnullvm]]
version = "0.52.5"
when = "2024-04-12"
user-id = 64539
user-login = "kennykerr"
user-name = "Kenny Kerr"

[[publisher.windows_aarch64_msvc]]
version = "0.48.5"
when = "2023-08-18"
user-id = 64539
user-login = "kennykerr"
user-name = "Kenny Kerr"

[[publisher.windows_aarch64_msvc]]
version = "0.52.5"
when = "2024-04-12"
user-id = 64539
user-login = "kennykerr"
user-name = "Kenny Kerr"

[[publisher.windows_i686_gnu]]
version = "0.48.5"
when = "2023-08-18"
user-id = 64539
user-login = "kennykerr"
user-name = "Kenny Kerr"

[[publisher.windows_i686_gnu]]
version = "0.52.5"
when = "2024-04-12"
user-id = 64539
user-login = "kennykerr"
user-name = "Kenny Kerr"

[[publisher.windows_i686_msvc]]
version = "0.48.5"
when = "2023-08-18"
user-id = 64539
user-login = "kennykerr"
user-name = "Kenny Kerr"

[[publisher.windows_i686_msvc]]
version = "0.52.5"
when = "2024-04-12"
user-id = 64539
user-login = "kennykerr"
user-name = "Kenny Kerr"

[[publisher.windows_x86_64_gnu]]
version = "0.48.5"
when = "2023-08-18"
user-id = 64539
user-login = "kennykerr"
user-name = "Kenny Kerr"

[[publisher.windows_x86_64_gnu]]
version = "0.52.5"
when = "2024-04-12"
user-id = 64539
user-login = "kennykerr"
user-name = "Kenny Kerr"

[[publisher.windows_x86_64_gnullvm]]
version = "0.48.5"
when = "2023-08-18"
user-id = 64539
user-login = "kennykerr"
user-name = "Kenny Kerr"

[[publisher.windows_x86_64_gnullvm]]
version = "0.52.5"
when = "2024-04-12"
user-id = 64539
user-login = "kennykerr"
user-name = "Kenny Kerr"

[[publisher.windows_x86_64_msvc]]
version = "0.48.5"
when = "2023-08-18"
user-id = 64539
user-login = "kennykerr"
user-name = "Kenny Kerr"

[[publisher.windows_x86_64_msvc]]
version = "0.52.5"
when = "2024-04-12"
user-id = 64539
user-login = "kennykerr"
user-name = "Kenny Kerr"

[[audits.google.audits.bitflags]]
who = "Lukasz Anforowicz <lukasza@chromium.org>"
criteria = "safe-to-deploy"
version = "2.4.2"
notes = """
Audit notes:

* I've checked for any discussion in Google-internal cl/546819168 (where audit
  of version 2.3.3 happened)
* `src/lib.rs` contains `#![cfg_attr(not(test), forbid(unsafe_code))]`
* There are 2 cases of `unsafe` in `src/external.rs` but they seem to be
  correct in a straightforward way - they just propagate the marker trait's
  impl (e.g. `impl bytemuck::Pod`) from the inner to the outer type
* Additional discussion and/or notes may be found in https://crrev.com/c/5238056
"""
aggregated-from = "https://chromium.googlesource.com/chromium/src/+/main/third_party/rust/chromium_crates_io/supply-chain/audits.toml?format=TEXT"

[[audits.google.audits.bitflags]]
who = "Adrian Taylor <adetaylor@chromium.org>"
criteria = "safe-to-deploy"
delta = "2.4.2 -> 2.5.0"
aggregated-from = "https://chromium.googlesource.com/chromium/src/+/main/third_party/rust/chromium_crates_io/supply-chain/audits.toml?format=TEXT"

[[audits.google.audits.cfg-if]]
who = "George Burgess IV <gbiv@google.com>"
criteria = "safe-to-deploy"
version = "1.0.0"
aggregated-from = "https://chromium.googlesource.com/chromiumos/third_party/rust_crates/+/refs/heads/main/cargo-vet/audits.toml?format=TEXT"

[[audits.google.audits.errno]]
who = "Ying Hsu <yinghsu@chromium.org>"
criteria = "safe-to-run"
version = "0.3.8"
aggregated-from = "https://chromium.googlesource.com/chromiumos/third_party/rust_crates/+/refs/heads/main/cargo-vet/audits.toml?format=TEXT"

[[audits.google.audits.fastrand]]
who = "Ying Hsu <yinghsu@chromium.org>"
criteria = "safe-to-run"
version = "2.0.2"
aggregated-from = "https://chromium.googlesource.com/chromiumos/third_party/rust_crates/+/refs/heads/main/cargo-vet/audits.toml?format=TEXT"

[[audits.google.audits.proc-macro2]]
who = "Lukasz Anforowicz <lukasza@chromium.org>"
criteria = "safe-to-deploy"
version = "1.0.78"
notes = """
Grepped for \"crypt\", \"cipher\", \"fs\", \"net\" - there were no hits
(except for a benign \"fs\" hit in a doc comment)

Notes from the `unsafe` review can be found in https://crrev.com/c/5385745.
"""
aggregated-from = "https://chromium.googlesource.com/chromium/src/+/main/third_party/rust/chromium_crates_io/supply-chain/audits.toml?format=TEXT"

[[audits.google.audits.proc-macro2]]
who = "Adrian Taylor <adetaylor@chromium.org>"
criteria = "safe-to-deploy"
delta = "1.0.78 -> 1.0.79"
aggregated-from = "https://chromium.googlesource.com/chromium/src/+/main/third_party/rust/chromium_crates_io/supply-chain/audits.toml?format=TEXT"

[[audits.google.audits.proc-macro2]]
who = "Adrian Taylor <adetaylor@chromium.org>"
criteria = "safe-to-deploy"
delta = "1.0.79 -> 1.0.80"
aggregated-from = "https://chromium.googlesource.com/chromium/src/+/main/third_party/rust/chromium_crates_io/supply-chain/audits.toml?format=TEXT"

[[audits.google.audits.quote]]
who = "Lukasz Anforowicz <lukasza@chromium.org>"
criteria = "safe-to-deploy"
version = "1.0.35"
notes = """
Grepped for \"unsafe\", \"crypt\", \"cipher\", \"fs\", \"net\" - there were no hits
(except for benign \"net\" hit in tests and \"fs\" hit in README.md)
"""
aggregated-from = "https://chromium.googlesource.com/chromium/src/+/main/third_party/rust/chromium_crates_io/supply-chain/audits.toml?format=TEXT"

[[audits.google.audits.quote]]
who = "Adrian Taylor <adetaylor@chromium.org>"
criteria = "safe-to-deploy"
delta = "1.0.35 -> 1.0.36"
aggregated-from = "https://chromium.googlesource.com/chromium/src/+/main/third_party/rust/chromium_crates_io/supply-chain/audits.toml?format=TEXT"

[[audits.google.audits.tempfile]]
who = "Ying Hsu <yinghsu@chromium.org>"
criteria = "safe-to-run"
version = "3.10.1"
aggregated-from = "https://chromium.googlesource.com/chromiumos/third_party/rust_crates/+/refs/heads/main/cargo-vet/audits.toml?format=TEXT"

[[audits.google.audits.unicode-ident]]
who = "Lukasz Anforowicz <lukasza@chromium.org>"
criteria = "safe-to-deploy"
version = "1.0.12"
notes = '''
I grepped for \"crypt\", \"cipher\", \"fs\", \"net\" - there were no hits.

All two functions from the public API of this crate use `unsafe` to avoid bound
checks for an array access.  Cross-module analysis shows that the offsets can
be statically proven to be within array bounds.  More details can be found in
the unsafe review CL at https://crrev.com/c/5350386.

This crate has been added to Chromium in https://crrev.com/c/3891618.
'''
aggregated-from = "https://chromium.googlesource.com/chromium/src/+/main/third_party/rust/chromium_crates_io/supply-chain/audits.toml?format=TEXT"

[[audits.google.audits.version_check]]
who = "George Burgess IV <gbiv@google.com>"
criteria = "safe-to-deploy"
version = "0.9.4"
aggregated-from = "https://chromium.googlesource.com/chromiumos/third_party/rust_crates/+/refs/heads/main/cargo-vet/audits.toml?format=TEXT"

[[audits.isrg.audits.getrandom]]
who = "David Cook <dcook@divviup.org>"
criteria = "safe-to-deploy"
delta = "0.2.12 -> 0.2.14"

[[audits.mozilla.audits.log]]
who = "Mike Hommey <mh+mozilla@glandium.org>"
criteria = "safe-to-deploy"
version = "0.4.17"
aggregated-from = "https://hg.mozilla.org/mozilla-central/raw-file/tip/supply-chain/audits.toml"

[[audits.mozilla.audits.log]]
who = "Jan-Erik Rediger <jrediger@mozilla.com>"
criteria = "safe-to-deploy"
delta = "0.4.17 -> 0.4.18"
notes = "One dependency removed, others updated (which we don't rely on), some APIs (which we don't use) changed."
aggregated-from = "https://raw.githubusercontent.com/mozilla/glean/main/supply-chain/audits.toml"

[[audits.mozilla.audits.log]]
who = "Kagami Sascha Rosylight <krosylight@mozilla.com>"
criteria = "safe-to-deploy"
delta = "0.4.18 -> 0.4.20"
notes = "Only cfg attribute and internal macro changes and module refactorings"
aggregated-from = "https://raw.githubusercontent.com/mozilla/glean/main/supply-chain/audits.toml"
